
Microsoft Visual Studio Solution File, Format Version 12.00
# Visual Studio Version 17
VisualStudioVersion = 17.5.002.0
MinimumVisualStudioVersion = 10.0.40219.1
Project("{9A19103F-16F7-4668-BE54-9A1E7A4F7556}") = "tak1", "tak1\tak1.csproj", "{9824FE39-5F93-4BCC-9910-FDBD695B2471}"
EndProject
Project("{9A19103F-16F7-4668-BE54-9A1E7A4F7556}") = "task2", "task2\task2.csproj", "{D03E1611-92FF-40EF-B31A-E67B7344CFA0}"
EndProject
Project("{9A19103F-16F7-4668-BE54-9A1E7A4F7556}") = "task3", "task3\task3.csproj", "{45358C76-179B-417D-AF3D-C7AB4FF5BA66}"
EndProject
Global
	GlobalSection(SolutionConfigurationPlatforms) = preSolution
		Debug|Any CPU = Debug|Any CPU
		Release|Any CPU = Release|Any CPU
	EndGlobalSection
	GlobalSection(ProjectConfigurationPlatforms) = postSolution
		{9824FE39-5F93-4BCC-9910-FDBD695B2471}.Debug|Any CPU.ActiveCfg = Debug|Any CPU
		{9824FE39-5F93-4BCC-9910-FDBD695B2471}.Debug|Any CPU.Build.0 = Debug|Any CPU
		{9824FE39-5F93-4BCC-9910-FDBD695B2471}.Release|Any CPU.ActiveCfg = Release|Any CPU
		{9824FE39-5F93-4BCC-9910-FDBD695B2471}.Release|Any CPU.Build.0 = Release|Any CPU
		{D03E1611-92FF-40EF-B31A-E67B7344CFA0}.Debug|Any CPU.ActiveCfg = Debug|Any CPU
		{D03E1611-92FF-40EF-B31A-E67B7344CFA0}.Debug|Any CPU.Build.0 = Debug|Any CPU
		{D03E1611-92FF-40EF-B31A-E67B7344CFA0}.Release|Any CPU.ActiveCfg = Release|Any CPU
		{D03E1611-92FF-40EF-B31A-E67B7344CFA0}.Release|Any CPU.Build.0 = Release|Any CPU
		{45358C76-179B-417D-AF3D-C7AB4FF5BA66}.Debug|Any CPU.ActiveCfg = Debug|Any CPU
		{45358C76-179B-417D-AF3D-C7AB4FF5BA66}.Debug|Any CPU.Build.0 = Debug|Any CPU
		{45358C76-179B-417D-AF3D-C7AB4FF5BA66}.Release|Any CPU.ActiveCfg = Release|Any CPU
		{45358C76-179B-417D-AF3D-C7AB4FF5BA66}.Release|Any CPU.Build.0 = Release|Any CPU
	EndGlobalSection
	GlobalSection(SolutionProperties) = preSolution
		HideSolutionNode = FALSE
	EndGlobalSection
	GlobalSection(ExtensibilityGlobals) = postSolution
		SolutionGuid = {F5DB756E-FCEC-4859-BE3D-C44B9929D654}
	EndGlobalSection
EndGlobal
